
Microsoft Visual Studio Solution File, Format Version 12.00
# Visual Studio Version 16
VisualStudioVersion = 16.0.29519.87
MinimumVisualStudioVersion = 10.0.40219.1
Project("{FAE04EC0-301F-11D3-BF4B-00C04F79EFBC}") = "Activity3", "Activity3.csproj", "{B3733732-B568-4629-B503-2407E2EBF690}"
EndProject
Global
	GlobalSection(SolutionConfigurationPlatforms) = preSolution
		Debug|Any CPU = Debug|Any CPU
		Release|Any CPU = Release|Any CPU
	EndGlobalSection
	GlobalSection(ProjectConfigurationPlatforms) = postSolution
		{B3733732-B568-4629-B503-2407E2EBF690}.Debug|Any CPU.ActiveCfg = Debug|Any CPU
		{B3733732-B568-4629-B503-2407E2EBF690}.Debug|Any CPU.Build.0 = Debug|Any CPU
		{B3733732-B568-4629-B503-2407E2EBF690}.Release|Any CPU.ActiveCfg = Release|Any CPU
		{B3733732-B568-4629-B503-2407E2EBF690}.Release|Any CPU.Build.0 = Release|Any CPU
	EndGlobalSection
	GlobalSection(SolutionProperties) = preSolution
		HideSolutionNode = FALSE
	EndGlobalSection
	GlobalSection(ExtensibilityGlobals) = postSolution
		SolutionGuid = {B18C7F07-12DD-4D41-85F4-049AE87B732D}
	EndGlobalSection
EndGlobal
